
Microsoft Visual Studio Solution File, Format Version 12.00
# Visual Studio Version 17
VisualStudioVersion = 17.4.33103.184
MinimumVisualStudioVersion = 10.0.40219.1
Project("{FAE04EC0-301F-11D3-BF4B-00C04F79EFBC}") = "WebApi_ShoppingOnline", "WebApi_ShoppingOnline\WebApi_ShoppingOnline.csproj", "{E22835AC-BF7E-4521-A0B9-F67A7B9BD6D5}"
EndProject
Global
	GlobalSection(SolutionConfigurationPlatforms) = preSolution
		Debug|Any CPU = Debug|Any CPU
		Release|Any CPU = Release|Any CPU
	EndGlobalSection
	GlobalSection(ProjectConfigurationPlatforms) = postSolution
		{E22835AC-BF7E-4521-A0B9-F67A7B9BD6D5}.Debug|Any CPU.ActiveCfg = Debug|Any CPU
		{E22835AC-BF7E-4521-A0B9-F67A7B9BD6D5}.Debug|Any CPU.Build.0 = Debug|Any CPU
		{E22835AC-BF7E-4521-A0B9-F67A7B9BD6D5}.Release|Any CPU.ActiveCfg = Release|Any CPU
		{E22835AC-BF7E-4521-A0B9-F67A7B9BD6D5}.Release|Any CPU.Build.0 = Release|Any CPU
	EndGlobalSection
	GlobalSection(SolutionProperties) = preSolution
		HideSolutionNode = FALSE
	EndGlobalSection
	GlobalSection(ExtensibilityGlobals) = postSolution
		SolutionGuid = {B6DA6DBE-9557-434B-AC89-4D63500FA4A3}
	EndGlobalSection
EndGlobal
