
Microsoft Visual Studio Solution File, Format Version 12.00
# Visual Studio Version 17
VisualStudioVersion = 17.4.33110.190
MinimumVisualStudioVersion = 10.0.40219.1
Project("{9A19103F-16F7-4668-BE54-9A1E7A4F7556}") = "WebApi_ShoppingOnline", "WebApi_ShoppingOnline.csproj", "{B17EE1C8-458B-413C-9C82-F68649D5958D}"
EndProject
Global
	GlobalSection(SolutionConfigurationPlatforms) = preSolution
		Debug|Any CPU = Debug|Any CPU
		Release|Any CPU = Release|Any CPU
	EndGlobalSection
	GlobalSection(ProjectConfigurationPlatforms) = postSolution
		{B17EE1C8-458B-413C-9C82-F68649D5958D}.Debug|Any CPU.ActiveCfg = Debug|Any CPU
		{B17EE1C8-458B-413C-9C82-F68649D5958D}.Debug|Any CPU.Build.0 = Debug|Any CPU
		{B17EE1C8-458B-413C-9C82-F68649D5958D}.Release|Any CPU.ActiveCfg = Release|Any CPU
		{B17EE1C8-458B-413C-9C82-F68649D5958D}.Release|Any CPU.Build.0 = Release|Any CPU
	EndGlobalSection
	GlobalSection(SolutionProperties) = preSolution
		HideSolutionNode = FALSE
	EndGlobalSection
	GlobalSection(ExtensibilityGlobals) = postSolution
		SolutionGuid = {540FE3B4-7F5B-4CC1-968B-C2D928E36139}
	EndGlobalSection
EndGlobal
